// !$*UTF8*$!
{
	archiveVersion = 1;
	classes = {
	};
	objectVersion = 48;
	objects = {

/* Begin PBXBuildFile section */
		CB04B7802052C6CB00CF4EE1 /* BadgeTest.swift in Sources */ = {isa = PBXBuildFile; fileRef = CB04B77F2052C6CB00CF4EE1 /* BadgeTest.swift */; };
		CB04B7822052CE1D00CF4EE1 /* BadgeRequisitionTest.swift in Sources */ = {isa = PBXBuildFile; fileRef = CB04B7812052CE1D00CF4EE1 /* BadgeRequisitionTest.swift */; };
		CB04B7842052CF4C00CF4EE1 /* RegisterRequisitionTest.swift in Sources */ = {isa = PBXBuildFile; fileRef = CB04B7832052CF4C00CF4EE1 /* RegisterRequisitionTest.swift */; };
		CB04B7862052D0C100CF4EE1 /* TeamTest.swift in Sources */ = {isa = PBXBuildFile; fileRef = CB04B7852052D0C100CF4EE1 /* TeamTest.swift */; };
		CB1210202018DF24004572F8 /* RegisterReqTableViewCell.swift in Sources */ = {isa = PBXBuildFile; fileRef = CB12101F2018DF24004572F8 /* RegisterReqTableViewCell.swift */; };
		CB219003200789C500A0095D /* UserBadgeDAO.swift in Sources */ = {isa = PBXBuildFile; fileRef = CB219002200789C500A0095D /* UserBadgeDAO.swift */; };
		CB21900520079CBB00A0095D /* UserBadgesViewController.swift in Sources */ = {isa = PBXBuildFile; fileRef = CB21900420079CBB00A0095D /* UserBadgesViewController.swift */; };
		CB21900720079E6F00A0095D /* UserBadgesTableViewCell.swift in Sources */ = {isa = PBXBuildFile; fileRef = CB21900620079E6F00A0095D /* UserBadgesTableViewCell.swift */; };
		CB2F6A932018EC24001EAC85 /* RankingViewController.swift in Sources */ = {isa = PBXBuildFile; fileRef = CB2F6A922018EC24001EAC85 /* RankingViewController.swift */; };
		CB2F6A952018EC70001EAC85 /* RankingTableViewCell.swift in Sources */ = {isa = PBXBuildFile; fileRef = CB2F6A942018EC70001EAC85 /* RankingTableViewCell.swift */; };
		CB2F6A9B2019010D001EAC85 /* UserListDatabaseManager.swift in Sources */ = {isa = PBXBuildFile; fileRef = CB2F6A9A2019010D001EAC85 /* UserListDatabaseManager.swift */; };
		CB31C236200CD8050065D3F9 /* AllTeamsViewController.swift in Sources */ = {isa = PBXBuildFile; fileRef = CB31C235200CD8050065D3F9 /* AllTeamsViewController.swift */; };
		CB31C238200CD9D40065D3F9 /* TeamTableViewCell.swift in Sources */ = {isa = PBXBuildFile; fileRef = CB31C237200CD9D40065D3F9 /* TeamTableViewCell.swift */; };
		CB31C23A200CEA330065D3F9 /* FirstViewAdminViewController.swift in Sources */ = {isa = PBXBuildFile; fileRef = CB31C239200CEA330065D3F9 /* FirstViewAdminViewController.swift */; };
		CB3608D42003E5B700ED47A0 /* AppDelegate.swift in Sources */ = {isa = PBXBuildFile; fileRef = CB3608D32003E5B700ED47A0 /* AppDelegate.swift */; };
		CB3608D92003E5B700ED47A0 /* Main.storyboard in Resources */ = {isa = PBXBuildFile; fileRef = CB3608D72003E5B700ED47A0 /* Main.storyboard */; };
		CB3608DB2003E5B700ED47A0 /* Assets.xcassets in Resources */ = {isa = PBXBuildFile; fileRef = CB3608DA2003E5B700ED47A0 /* Assets.xcassets */; };
		CB3608DE2003E5B700ED47A0 /* LaunchScreen.storyboard in Resources */ = {isa = PBXBuildFile; fileRef = CB3608DC2003E5B700ED47A0 /* LaunchScreen.storyboard */; };
		CB3609022003E72100ED47A0 /* GoogleService-Info.plist in Resources */ = {isa = PBXBuildFile; fileRef = CB3609012003E72100ED47A0 /* GoogleService-Info.plist */; };
		CB3609042003EB3000ED47A0 /* LoginViewController.swift in Sources */ = {isa = PBXBuildFile; fileRef = CB3609032003EB3000ED47A0 /* LoginViewController.swift */; };
		CB36090D20051BBD00ED47A0 /* AuthDatabaseManager.swift in Sources */ = {isa = PBXBuildFile; fileRef = CB36090C20051BBC00ED47A0 /* AuthDatabaseManager.swift */; };
		CB36090F20051BE900ED47A0 /* BadgeDAO.swift in Sources */ = {isa = PBXBuildFile; fileRef = CB36090E20051BE900ED47A0 /* BadgeDAO.swift */; };
		CB3609152005237A00ED47A0 /* CreateBadgeViewController.swift in Sources */ = {isa = PBXBuildFile; fileRef = CB3609142005237A00ED47A0 /* CreateBadgeViewController.swift */; };
		CB570DE12051BC5800E55CF4 /* BadgeModelTests.swift in Sources */ = {isa = PBXBuildFile; fileRef = CB570DE02051BC5800E55CF4 /* BadgeModelTests.swift */; };
		CB570DE92052BB5C00E55CF4 /* UserTest.swift in Sources */ = {isa = PBXBuildFile; fileRef = CB570DE82052BB5C00E55CF4 /* UserTest.swift */; };
		CB570DEA2052BEB200E55CF4 /* Info.plist in Resources */ = {isa = PBXBuildFile; fileRef = CB3608DF2003E5B700ED47A0 /* Info.plist */; };
		CB570DED2052BEB300E55CF4 /* Info.plist in Resources */ = {isa = PBXBuildFile; fileRef = CB3608DF2003E5B700ED47A0 /* Info.plist */; };
		CB570DF02052BEC400E55CF4 /* GoogleService-Info.plist in Resources */ = {isa = PBXBuildFile; fileRef = CB3609012003E72100ED47A0 /* GoogleService-Info.plist */; };
		CB7A3BB32007B53D001E63AA /* AvailableBadgesViewController.swift in Sources */ = {isa = PBXBuildFile; fileRef = CB7A3BB22007B53D001E63AA /* AvailableBadgesViewController.swift */; };
		CB7A3BB52007B5B5001E63AA /* AvailableBadgesTableViewCell.swift in Sources */ = {isa = PBXBuildFile; fileRef = CB7A3BB42007B5B5001E63AA /* AvailableBadgesTableViewCell.swift */; };
		CB7A3BB72007DFF4001E63AA /* UserDAO.swift in Sources */ = {isa = PBXBuildFile; fileRef = CB7A3BB62007DFF4001E63AA /* UserDAO.swift */; };
		CB7A3BB92007E308001E63AA /* User.swift in Sources */ = {isa = PBXBuildFile; fileRef = CB7A3BB82007E308001E63AA /* User.swift */; };
		CB7A3BBB2008C834001E63AA /* TeamDAO.swift in Sources */ = {isa = PBXBuildFile; fileRef = CB7A3BBA2008C834001E63AA /* TeamDAO.swift */; };
		CB7A3BBD2008C854001E63AA /* Team.swift in Sources */ = {isa = PBXBuildFile; fileRef = CB7A3BBC2008C854001E63AA /* Team.swift */; };
		CB7A3BBF2008CAAA001E63AA /* CreateTeamViewController.swift in Sources */ = {isa = PBXBuildFile; fileRef = CB7A3BBE2008CAAA001E63AA /* CreateTeamViewController.swift */; };
		CB7A3BC12008D455001E63AA /* EnterOrCreateTeamViewController.swift in Sources */ = {isa = PBXBuildFile; fileRef = CB7A3BC02008D455001E63AA /* EnterOrCreateTeamViewController.swift */; };
		CBA46C9F20052D600044CD08 /* Badge.swift in Sources */ = {isa = PBXBuildFile; fileRef = CBA46C9E20052D600044CD08 /* Badge.swift */; };
		CBCE67962017AAA2004F9A81 /* BadgeIconCollectionViewCell.swift in Sources */ = {isa = PBXBuildFile; fileRef = CBCE67952017AAA2004F9A81 /* BadgeIconCollectionViewCell.swift */; };
		CBDDFB7D201623A80045ED5C /* DAO.swift in Sources */ = {isa = PBXBuildFile; fileRef = CBDDFB7C201623A80045ED5C /* DAO.swift */; };
		CBDEB711202B562B00F14FAE /* BadgeService.swift in Sources */ = {isa = PBXBuildFile; fileRef = CBDEB710202B562B00F14FAE /* BadgeService.swift */; };
		CBDEB713202B56DC00F14FAE /* BadgeRequisitionService.swift in Sources */ = {isa = PBXBuildFile; fileRef = CBDEB712202B56DC00F14FAE /* BadgeRequisitionService.swift */; };
		CBDEB715202B578200F14FAE /* RegisterRequisitionService.swift in Sources */ = {isa = PBXBuildFile; fileRef = CBDEB714202B578200F14FAE /* RegisterRequisitionService.swift */; };
		CBDEB717202B57F600F14FAE /* UserBadgeService.swift in Sources */ = {isa = PBXBuildFile; fileRef = CBDEB716202B57F600F14FAE /* UserBadgeService.swift */; };
		CBDEB719202B58AD00F14FAE /* UserService.swift in Sources */ = {isa = PBXBuildFile; fileRef = CBDEB718202B58AD00F14FAE /* UserService.swift */; };
		CBDEB71B202B592700F14FAE /* TeamService.swift in Sources */ = {isa = PBXBuildFile; fileRef = CBDEB71A202B592700F14FAE /* TeamService.swift */; };
		CBEB9E5E2006327D002C6FE6 /* BadgeRequisitionDAO.swift in Sources */ = {isa = PBXBuildFile; fileRef = CBEB9E5D2006327D002C6FE6 /* BadgeRequisitionDAO.swift */; };
		CBEB9E6020063449002C6FE6 /* BadgeRequisition.swift in Sources */ = {isa = PBXBuildFile; fileRef = CBEB9E5F20063449002C6FE6 /* BadgeRequisition.swift */; };
		CBEB9E63200636DA002C6FE6 /* BadgeRequisitionViewController.swift in Sources */ = {isa = PBXBuildFile; fileRef = CBEB9E62200636DA002C6FE6 /* BadgeRequisitionViewController.swift */; };
		CBEB9E672006408F002C6FE6 /* RequisitionsViewController.swift in Sources */ = {isa = PBXBuildFile; fileRef = CBEB9E662006408F002C6FE6 /* RequisitionsViewController.swift */; };
		CBEB9E6920064132002C6FE6 /* BadgeReqTableViewCell.swift in Sources */ = {isa = PBXBuildFile; fileRef = CBEB9E6820064132002C6FE6 /* BadgeReqTableViewCell.swift */; };
		CBEB9E6D20067853002C6FE6 /* RegisterRequisitionDAO.swift in Sources */ = {isa = PBXBuildFile; fileRef = CBEB9E6C20067853002C6FE6 /* RegisterRequisitionDAO.swift */; };
		CBEB9E6F20067A2B002C6FE6 /* RegisterRequistion.swift in Sources */ = {isa = PBXBuildFile; fileRef = CBEB9E6E20067A2B002C6FE6 /* RegisterRequistion.swift */; };
		CBF67A7A2005307200D1331E /* ExistantBadgesViewController.swift in Sources */ = {isa = PBXBuildFile; fileRef = CBF67A792005307200D1331E /* ExistantBadgesViewController.swift */; };
		CBF67A7C200566E300D1331E /* BadgeTableViewCell.swift in Sources */ = {isa = PBXBuildFile; fileRef = CBF67A7B200566E300D1331E /* BadgeTableViewCell.swift */; };
		CBF88F5620164D3100E6DCB5 /* UserImageDatabaseManager.swift in Sources */ = {isa = PBXBuildFile; fileRef = CBF88F5520164D3100E6DCB5 /* UserImageDatabaseManager.swift */; };
		CBFB8256202331B80005FD8C /* AuthService.swift in Sources */ = {isa = PBXBuildFile; fileRef = CBFB8255202331B80005FD8C /* AuthService.swift */; };
		CBFB825B20236B490005FD8C /* Extensions.swift in Sources */ = {isa = PBXBuildFile; fileRef = CBFB825A20236B490005FD8C /* Extensions.swift */; };
		D9BA825E52A629FD9700C1CC /* Pods_BadgeGamification.framework in Frameworks */ = {isa = PBXBuildFile; fileRef = FD5A850D9EF1087F070E0349 /* Pods_BadgeGamification.framework */; };
		FF0EDC9546F3FF4DBF90FCB7 /* Pods_BadgeModelTests.framework in Frameworks */ = {isa = PBXBuildFile; fileRef = DFB1842F50E478203059F165 /* Pods_BadgeModelTests.framework */; };
/* End PBXBuildFile section */

/* Begin PBXContainerItemProxy section */
		CB570DE32051BC5800E55CF4 /* PBXContainerItemProxy */ = {
			isa = PBXContainerItemProxy;
			containerPortal = CB3608C82003E5B700ED47A0 /* Project object */;
			proxyType = 1;
			remoteGlobalIDString = CB3608CF2003E5B700ED47A0;
			remoteInfo = BadgeGamification;
		};
/* End PBXContainerItemProxy section */

/* Begin PBXFileReference section */
		715732A22B34D15884539DD9 /* Pods-BadgeGamification.release.xcconfig */ = {isa = PBXFileReference; includeInIndex = 1; lastKnownFileType = text.xcconfig; name = "Pods-BadgeGamification.release.xcconfig"; path = "Pods/Target Support Files/Pods-BadgeGamification/Pods-BadgeGamification.release.xcconfig"; sourceTree = "<group>"; };
		877C88FFFAC0CA22E37AD886 /* Pods-BadgeModelTests.debug.xcconfig */ = {isa = PBXFileReference; includeInIndex = 1; lastKnownFileType = text.xcconfig; name = "Pods-BadgeModelTests.debug.xcconfig"; path = "Pods/Target Support Files/Pods-BadgeModelTests/Pods-BadgeModelTests.debug.xcconfig"; sourceTree = "<group>"; };
		B6ED4F024376E09BA241D38F /* Pods-BadgeModelTests.release.xcconfig */ = {isa = PBXFileReference; includeInIndex = 1; lastKnownFileType = text.xcconfig; name = "Pods-BadgeModelTests.release.xcconfig"; path = "Pods/Target Support Files/Pods-BadgeModelTests/Pods-BadgeModelTests.release.xcconfig"; sourceTree = "<group>"; };
		BE357F94812DDCD20A7AAE0F /* Pods-BadgeGamification.debug.xcconfig */ = {isa = PBXFileReference; includeInIndex = 1; lastKnownFileType = text.xcconfig; name = "Pods-BadgeGamification.debug.xcconfig"; path = "Pods/Target Support Files/Pods-BadgeGamification/Pods-BadgeGamification.debug.xcconfig"; sourceTree = "<group>"; };
		CB04B77F2052C6CB00CF4EE1 /* BadgeTest.swift */ = {isa = PBXFileReference; lastKnownFileType = sourcecode.swift; path = BadgeTest.swift; sourceTree = "<group>"; };
		CB04B7812052CE1D00CF4EE1 /* BadgeRequisitionTest.swift */ = {isa = PBXFileReference; lastKnownFileType = sourcecode.swift; path = BadgeRequisitionTest.swift; sourceTree = "<group>"; };
		CB04B7832052CF4C00CF4EE1 /* RegisterRequisitionTest.swift */ = {isa = PBXFileReference; lastKnownFileType = sourcecode.swift; path = RegisterRequisitionTest.swift; sourceTree = "<group>"; };
		CB04B7852052D0C100CF4EE1 /* TeamTest.swift */ = {isa = PBXFileReference; lastKnownFileType = sourcecode.swift; path = TeamTest.swift; sourceTree = "<group>"; };
		CB12101F2018DF24004572F8 /* RegisterReqTableViewCell.swift */ = {isa = PBXFileReference; lastKnownFileType = sourcecode.swift; path = RegisterReqTableViewCell.swift; sourceTree = "<group>"; };
		CB219002200789C500A0095D /* UserBadgeDAO.swift */ = {isa = PBXFileReference; lastKnownFileType = sourcecode.swift; path = UserBadgeDAO.swift; sourceTree = "<group>"; };
		CB21900420079CBB00A0095D /* UserBadgesViewController.swift */ = {isa = PBXFileReference; lastKnownFileType = sourcecode.swift; path = UserBadgesViewController.swift; sourceTree = "<group>"; };
		CB21900620079E6F00A0095D /* UserBadgesTableViewCell.swift */ = {isa = PBXFileReference; lastKnownFileType = sourcecode.swift; path = UserBadgesTableViewCell.swift; sourceTree = "<group>"; };
		CB2F6A922018EC24001EAC85 /* RankingViewController.swift */ = {isa = PBXFileReference; lastKnownFileType = sourcecode.swift; path = RankingViewController.swift; sourceTree = "<group>"; };
		CB2F6A942018EC70001EAC85 /* RankingTableViewCell.swift */ = {isa = PBXFileReference; lastKnownFileType = sourcecode.swift; path = RankingTableViewCell.swift; sourceTree = "<group>"; };
		CB2F6A9A2019010D001EAC85 /* UserListDatabaseManager.swift */ = {isa = PBXFileReference; lastKnownFileType = sourcecode.swift; path = UserListDatabaseManager.swift; sourceTree = "<group>"; };
		CB31C235200CD8050065D3F9 /* AllTeamsViewController.swift */ = {isa = PBXFileReference; lastKnownFileType = sourcecode.swift; path = AllTeamsViewController.swift; sourceTree = "<group>"; };
		CB31C237200CD9D40065D3F9 /* TeamTableViewCell.swift */ = {isa = PBXFileReference; lastKnownFileType = sourcecode.swift; path = TeamTableViewCell.swift; sourceTree = "<group>"; };
		CB31C239200CEA330065D3F9 /* FirstViewAdminViewController.swift */ = {isa = PBXFileReference; lastKnownFileType = sourcecode.swift; path = FirstViewAdminViewController.swift; sourceTree = "<group>"; };
		CB3608D02003E5B700ED47A0 /* BadgeGamification.app */ = {isa = PBXFileReference; explicitFileType = wrapper.application; includeInIndex = 0; path = BadgeGamification.app; sourceTree = BUILT_PRODUCTS_DIR; };
		CB3608D32003E5B700ED47A0 /* AppDelegate.swift */ = {isa = PBXFileReference; lastKnownFileType = sourcecode.swift; path = AppDelegate.swift; sourceTree = "<group>"; };
		CB3608D82003E5B700ED47A0 /* Base */ = {isa = PBXFileReference; lastKnownFileType = file.storyboard; name = Base; path = Base.lproj/Main.storyboard; sourceTree = "<group>"; };
		CB3608DA2003E5B700ED47A0 /* Assets.xcassets */ = {isa = PBXFileReference; lastKnownFileType = folder.assetcatalog; path = Assets.xcassets; sourceTree = "<group>"; };
		CB3608DD2003E5B700ED47A0 /* Base */ = {isa = PBXFileReference; lastKnownFileType = file.storyboard; name = Base; path = Base.lproj/LaunchScreen.storyboard; sourceTree = "<group>"; };
		CB3608DF2003E5B700ED47A0 /* Info.plist */ = {isa = PBXFileReference; lastKnownFileType = text.plist.xml; path = Info.plist; sourceTree = "<group>"; };
		CB3609012003E72100ED47A0 /* GoogleService-Info.plist */ = {isa = PBXFileReference; fileEncoding = 4; lastKnownFileType = text.plist.xml; path = "GoogleService-Info.plist"; sourceTree = "<group>"; };
		CB3609032003EB3000ED47A0 /* LoginViewController.swift */ = {isa = PBXFileReference; lastKnownFileType = sourcecode.swift; path = LoginViewController.swift; sourceTree = "<group>"; };
		CB36090C20051BBC00ED47A0 /* AuthDatabaseManager.swift */ = {isa = PBXFileReference; fileEncoding = 4; lastKnownFileType = sourcecode.swift; path = AuthDatabaseManager.swift; sourceTree = "<group>"; };
		CB36090E20051BE900ED47A0 /* BadgeDAO.swift */ = {isa = PBXFileReference; lastKnownFileType = sourcecode.swift; path = BadgeDAO.swift; sourceTree = "<group>"; };
		CB3609142005237A00ED47A0 /* CreateBadgeViewController.swift */ = {isa = PBXFileReference; lastKnownFileType = sourcecode.swift; path = CreateBadgeViewController.swift; sourceTree = "<group>"; };
		CB570DDE2051BC5800E55CF4 /* BadgeModelTests.xctest */ = {isa = PBXFileReference; explicitFileType = wrapper.cfbundle; includeInIndex = 0; path = BadgeModelTests.xctest; sourceTree = BUILT_PRODUCTS_DIR; };
		CB570DE02051BC5800E55CF4 /* BadgeModelTests.swift */ = {isa = PBXFileReference; lastKnownFileType = sourcecode.swift; path = BadgeModelTests.swift; sourceTree = "<group>"; };
		CB570DE22051BC5800E55CF4 /* Info.plist */ = {isa = PBXFileReference; lastKnownFileType = text.plist.xml; path = Info.plist; sourceTree = "<group>"; };
		CB570DE82052BB5C00E55CF4 /* UserTest.swift */ = {isa = PBXFileReference; lastKnownFileType = sourcecode.swift; path = UserTest.swift; sourceTree = "<group>"; };
		CB7A3BB22007B53D001E63AA /* AvailableBadgesViewController.swift */ = {isa = PBXFileReference; lastKnownFileType = sourcecode.swift; path = AvailableBadgesViewController.swift; sourceTree = "<group>"; };
		CB7A3BB42007B5B5001E63AA /* AvailableBadgesTableViewCell.swift */ = {isa = PBXFileReference; lastKnownFileType = sourcecode.swift; path = AvailableBadgesTableViewCell.swift; sourceTree = "<group>"; };
		CB7A3BB62007DFF4001E63AA /* UserDAO.swift */ = {isa = PBXFileReference; lastKnownFileType = sourcecode.swift; path = UserDAO.swift; sourceTree = "<group>"; };
		CB7A3BB82007E308001E63AA /* User.swift */ = {isa = PBXFileReference; lastKnownFileType = sourcecode.swift; path = User.swift; sourceTree = "<group>"; };
		CB7A3BBA2008C834001E63AA /* TeamDAO.swift */ = {isa = PBXFileReference; lastKnownFileType = sourcecode.swift; path = TeamDAO.swift; sourceTree = "<group>"; };
		CB7A3BBC2008C854001E63AA /* Team.swift */ = {isa = PBXFileReference; lastKnownFileType = sourcecode.swift; path = Team.swift; sourceTree = "<group>"; };
		CB7A3BBE2008CAAA001E63AA /* CreateTeamViewController.swift */ = {isa = PBXFileReference; lastKnownFileType = sourcecode.swift; path = CreateTeamViewController.swift; sourceTree = "<group>"; };
		CB7A3BC02008D455001E63AA /* EnterOrCreateTeamViewController.swift */ = {isa = PBXFileReference; lastKnownFileType = sourcecode.swift; path = EnterOrCreateTeamViewController.swift; sourceTree = "<group>"; };
		CBA46C9E20052D600044CD08 /* Badge.swift */ = {isa = PBXFileReference; lastKnownFileType = sourcecode.swift; path = Badge.swift; sourceTree = "<group>"; };
		CBCE67952017AAA2004F9A81 /* BadgeIconCollectionViewCell.swift */ = {isa = PBXFileReference; lastKnownFileType = sourcecode.swift; path = BadgeIconCollectionViewCell.swift; sourceTree = "<group>"; };
		CBDDFB7C201623A80045ED5C /* DAO.swift */ = {isa = PBXFileReference; lastKnownFileType = sourcecode.swift; path = DAO.swift; sourceTree = "<group>"; };
		CBDEB710202B562B00F14FAE /* BadgeService.swift */ = {isa = PBXFileReference; lastKnownFileType = sourcecode.swift; path = BadgeService.swift; sourceTree = "<group>"; };
		CBDEB712202B56DC00F14FAE /* BadgeRequisitionService.swift */ = {isa = PBXFileReference; lastKnownFileType = sourcecode.swift; path = BadgeRequisitionService.swift; sourceTree = "<group>"; };
		CBDEB714202B578200F14FAE /* RegisterRequisitionService.swift */ = {isa = PBXFileReference; lastKnownFileType = sourcecode.swift; path = RegisterRequisitionService.swift; sourceTree = "<group>"; };
		CBDEB716202B57F600F14FAE /* UserBadgeService.swift */ = {isa = PBXFileReference; lastKnownFileType = sourcecode.swift; path = UserBadgeService.swift; sourceTree = "<group>"; };
		CBDEB718202B58AD00F14FAE /* UserService.swift */ = {isa = PBXFileReference; lastKnownFileType = sourcecode.swift; path = UserService.swift; sourceTree = "<group>"; };
		CBDEB71A202B592700F14FAE /* TeamService.swift */ = {isa = PBXFileReference; lastKnownFileType = sourcecode.swift; path = TeamService.swift; sourceTree = "<group>"; };
		CBEB9E5D2006327D002C6FE6 /* BadgeRequisitionDAO.swift */ = {isa = PBXFileReference; lastKnownFileType = sourcecode.swift; path = BadgeRequisitionDAO.swift; sourceTree = "<group>"; };
		CBEB9E5F20063449002C6FE6 /* BadgeRequisition.swift */ = {isa = PBXFileReference; lastKnownFileType = sourcecode.swift; path = BadgeRequisition.swift; sourceTree = "<group>"; };
		CBEB9E62200636DA002C6FE6 /* BadgeRequisitionViewController.swift */ = {isa = PBXFileReference; lastKnownFileType = sourcecode.swift; path = BadgeRequisitionViewController.swift; sourceTree = "<group>"; };
		CBEB9E662006408F002C6FE6 /* RequisitionsViewController.swift */ = {isa = PBXFileReference; lastKnownFileType = sourcecode.swift; path = RequisitionsViewController.swift; sourceTree = "<group>"; };
		CBEB9E6820064132002C6FE6 /* BadgeReqTableViewCell.swift */ = {isa = PBXFileReference; lastKnownFileType = sourcecode.swift; path = BadgeReqTableViewCell.swift; sourceTree = "<group>"; };
		CBEB9E6C20067853002C6FE6 /* RegisterRequisitionDAO.swift */ = {isa = PBXFileReference; lastKnownFileType = sourcecode.swift; path = RegisterRequisitionDAO.swift; sourceTree = "<group>"; };
		CBEB9E6E20067A2B002C6FE6 /* RegisterRequistion.swift */ = {isa = PBXFileReference; lastKnownFileType = sourcecode.swift; path = RegisterRequistion.swift; sourceTree = "<group>"; };
		CBF67A792005307200D1331E /* ExistantBadgesViewController.swift */ = {isa = PBXFileReference; lastKnownFileType = sourcecode.swift; path = ExistantBadgesViewController.swift; sourceTree = "<group>"; };
		CBF67A7B200566E300D1331E /* BadgeTableViewCell.swift */ = {isa = PBXFileReference; lastKnownFileType = sourcecode.swift; path = BadgeTableViewCell.swift; sourceTree = "<group>"; };
		CBF88F5520164D3100E6DCB5 /* UserImageDatabaseManager.swift */ = {isa = PBXFileReference; lastKnownFileType = sourcecode.swift; path = UserImageDatabaseManager.swift; sourceTree = "<group>"; };
		CBFB8255202331B80005FD8C /* AuthService.swift */ = {isa = PBXFileReference; lastKnownFileType = sourcecode.swift; path = AuthService.swift; sourceTree = "<group>"; };
		CBFB825A20236B490005FD8C /* Extensions.swift */ = {isa = PBXFileReference; lastKnownFileType = sourcecode.swift; path = Extensions.swift; sourceTree = "<group>"; };
		DFB1842F50E478203059F165 /* Pods_BadgeModelTests.framework */ = {isa = PBXFileReference; explicitFileType = wrapper.framework; includeInIndex = 0; path = Pods_BadgeModelTests.framework; sourceTree = BUILT_PRODUCTS_DIR; };
		FD5A850D9EF1087F070E0349 /* Pods_BadgeGamification.framework */ = {isa = PBXFileReference; explicitFileType = wrapper.framework; includeInIndex = 0; path = Pods_BadgeGamification.framework; sourceTree = BUILT_PRODUCTS_DIR; };
/* End PBXFileReference section */

/* Begin PBXFrameworksBuildPhase section */
		CB3608CD2003E5B700ED47A0 /* Frameworks */ = {
			isa = PBXFrameworksBuildPhase;
			buildActionMask = 2147483647;
			files = (
				D9BA825E52A629FD9700C1CC /* Pods_BadgeGamification.framework in Frameworks */,
			);
			runOnlyForDeploymentPostprocessing = 0;
		};
		CB570DDB2051BC5800E55CF4 /* Frameworks */ = {
			isa = PBXFrameworksBuildPhase;
			buildActionMask = 2147483647;
			files = (
				FF0EDC9546F3FF4DBF90FCB7 /* Pods_BadgeModelTests.framework in Frameworks */,
			);
			runOnlyForDeploymentPostprocessing = 0;
		};
/* End PBXFrameworksBuildPhase section */

/* Begin PBXGroup section */
		73BA1C75F54834824C7AA554 /* Frameworks */ = {
			isa = PBXGroup;
			children = (
				FD5A850D9EF1087F070E0349 /* Pods_BadgeGamification.framework */,
				DFB1842F50E478203059F165 /* Pods_BadgeModelTests.framework */,
			);
			name = Frameworks;
			sourceTree = "<group>";
		};
		7B30B57E42768A128EA620BF /* Pods */ = {
			isa = PBXGroup;
			children = (
				BE357F94812DDCD20A7AAE0F /* Pods-BadgeGamification.debug.xcconfig */,
				715732A22B34D15884539DD9 /* Pods-BadgeGamification.release.xcconfig */,
				877C88FFFAC0CA22E37AD886 /* Pods-BadgeModelTests.debug.xcconfig */,
				B6ED4F024376E09BA241D38F /* Pods-BadgeModelTests.release.xcconfig */,
			);
			name = Pods;
			sourceTree = "<group>";
		};
		CB3608C72003E5B700ED47A0 = {
			isa = PBXGroup;
			children = (
				CB3608D22003E5B700ED47A0 /* BadgeGamification */,
				CB570DDF2051BC5800E55CF4 /* BadgeModelTests */,
				CB3608D12003E5B700ED47A0 /* Products */,
				7B30B57E42768A128EA620BF /* Pods */,
				73BA1C75F54834824C7AA554 /* Frameworks */,
			);
			sourceTree = "<group>";
		};
		CB3608D12003E5B700ED47A0 /* Products */ = {
			isa = PBXGroup;
			children = (
				CB3608D02003E5B700ED47A0 /* BadgeGamification.app */,
				CB570DDE2051BC5800E55CF4 /* BadgeModelTests.xctest */,
			);
			name = Products;
			sourceTree = "<group>";
		};
		CB3608D22003E5B700ED47A0 /* BadgeGamification */ = {
			isa = PBXGroup;
			children = (
				CB3608D32003E5B700ED47A0 /* AppDelegate.swift */,
				CBFB825A20236B490005FD8C /* Extensions.swift */,
				CBA46CA020052D6A0044CD08 /* Model */,
				CB3609052003EC6400ED47A0 /* View */,
				CB3609062003EC7400ED47A0 /* Controllers */,
				CB3608DA2003E5B700ED47A0 /* Assets.xcassets */,
				CB3608DF2003E5B700ED47A0 /* Info.plist */,
				CB3609012003E72100ED47A0 /* GoogleService-Info.plist */,
			);
			path = BadgeGamification;
			sourceTree = "<group>";
		};
		CB3609052003EC6400ED47A0 /* View */ = {
			isa = PBXGroup;
			children = (
				CBF67A7D200566E600D1331E /* Cells */,
				CB3608D72003E5B700ED47A0 /* Main.storyboard */,
				CB3608DC2003E5B700ED47A0 /* LaunchScreen.storyboard */,
			);
			path = View;
			sourceTree = "<group>";
		};
		CB3609062003EC7400ED47A0 /* Controllers */ = {
			isa = PBXGroup;
			children = (
				CB3609032003EB3000ED47A0 /* LoginViewController.swift */,
				CB3609142005237A00ED47A0 /* CreateBadgeViewController.swift */,
				CBEB9E62200636DA002C6FE6 /* BadgeRequisitionViewController.swift */,
				CB7A3BBE2008CAAA001E63AA /* CreateTeamViewController.swift */,
				CB7A3BC02008D455001E63AA /* EnterOrCreateTeamViewController.swift */,
				CBEB9E6120063598002C6FE6 /* TableViewControllers */,
				CB31C239200CEA330065D3F9 /* FirstViewAdminViewController.swift */,
			);
			path = Controllers;
			sourceTree = "<group>";
		};
		CB36090B20051B8F00ED47A0 /* Persistence */ = {
			isa = PBXGroup;
			children = (
				CBDDFB7C201623A80045ED5C /* DAO.swift */,
				CB9C4B5F2024EC6F00D4641A /* DAO */,
				CBF88F5520164D3100E6DCB5 /* UserImageDatabaseManager.swift */,
				CB36090C20051BBC00ED47A0 /* AuthDatabaseManager.swift */,
				CB2F6A9A2019010D001EAC85 /* UserListDatabaseManager.swift */,
			);
			path = Persistence;
			sourceTree = "<group>";
		};
		CB570DDF2051BC5800E55CF4 /* BadgeModelTests */ = {
			isa = PBXGroup;
			children = (
				CB04B7852052D0C100CF4EE1 /* TeamTest.swift */,
				CB04B7832052CF4C00CF4EE1 /* RegisterRequisitionTest.swift */,
				CB04B7812052CE1D00CF4EE1 /* BadgeRequisitionTest.swift */,
				CB04B77F2052C6CB00CF4EE1 /* BadgeTest.swift */,
				CB570DE82052BB5C00E55CF4 /* UserTest.swift */,
				CB570DE02051BC5800E55CF4 /* BadgeModelTests.swift */,
				CB570DE22051BC5800E55CF4 /* Info.plist */,
			);
			path = BadgeModelTests;
			sourceTree = "<group>";
		};
		CB9C4B5F2024EC6F00D4641A /* DAO */ = {
			isa = PBXGroup;
			children = (
				CB36090E20051BE900ED47A0 /* BadgeDAO.swift */,
				CBEB9E5D2006327D002C6FE6 /* BadgeRequisitionDAO.swift */,
				CBEB9E6C20067853002C6FE6 /* RegisterRequisitionDAO.swift */,
				CB219002200789C500A0095D /* UserBadgeDAO.swift */,
				CB7A3BB62007DFF4001E63AA /* UserDAO.swift */,
				CB7A3BBA2008C834001E63AA /* TeamDAO.swift */,
			);
			path = DAO;
			sourceTree = "<group>";
		};
		CBA46CA020052D6A0044CD08 /* Model */ = {
			isa = PBXGroup;
			children = (
				CBFB8257202331BD0005FD8C /* Services */,
				CB36090B20051B8F00ED47A0 /* Persistence */,
				CB7A3BB82007E308001E63AA /* User.swift */,
				CBA46C9E20052D600044CD08 /* Badge.swift */,
				CBEB9E5F20063449002C6FE6 /* BadgeRequisition.swift */,
				CBEB9E6E20067A2B002C6FE6 /* RegisterRequistion.swift */,
				CB7A3BBC2008C854001E63AA /* Team.swift */,
			);
			path = Model;
			sourceTree = "<group>";
		};
		CBEB9E6120063598002C6FE6 /* TableViewControllers */ = {
			isa = PBXGroup;
			children = (
				CBF67A792005307200D1331E /* ExistantBadgesViewController.swift */,
				CBEB9E662006408F002C6FE6 /* RequisitionsViewController.swift */,
				CB21900420079CBB00A0095D /* UserBadgesViewController.swift */,
				CB7A3BB22007B53D001E63AA /* AvailableBadgesViewController.swift */,
				CB31C235200CD8050065D3F9 /* AllTeamsViewController.swift */,
				CB2F6A922018EC24001EAC85 /* RankingViewController.swift */,
			);
			path = TableViewControllers;
			sourceTree = "<group>";
		};
		CBF67A7D200566E600D1331E /* Cells */ = {
			isa = PBXGroup;
			children = (
				CBF67A7B200566E300D1331E /* BadgeTableViewCell.swift */,
				CBEB9E6820064132002C6FE6 /* BadgeReqTableViewCell.swift */,
				CB21900620079E6F00A0095D /* UserBadgesTableViewCell.swift */,
				CB7A3BB42007B5B5001E63AA /* AvailableBadgesTableViewCell.swift */,
				CB31C237200CD9D40065D3F9 /* TeamTableViewCell.swift */,
				CBCE67952017AAA2004F9A81 /* BadgeIconCollectionViewCell.swift */,
				CB12101F2018DF24004572F8 /* RegisterReqTableViewCell.swift */,
				CB2F6A942018EC70001EAC85 /* RankingTableViewCell.swift */,
			);
			path = Cells;
			sourceTree = "<group>";
		};
		CBFB8257202331BD0005FD8C /* Services */ = {
			isa = PBXGroup;
			children = (
				CBFB8255202331B80005FD8C /* AuthService.swift */,
				CBDEB710202B562B00F14FAE /* BadgeService.swift */,
				CBDEB712202B56DC00F14FAE /* BadgeRequisitionService.swift */,
				CBDEB714202B578200F14FAE /* RegisterRequisitionService.swift */,
				CBDEB716202B57F600F14FAE /* UserBadgeService.swift */,
				CBDEB718202B58AD00F14FAE /* UserService.swift */,
				CBDEB71A202B592700F14FAE /* TeamService.swift */,
			);
			path = Services;
			sourceTree = "<group>";
		};
/* End PBXGroup section */

/* Begin PBXNativeTarget section */
		CB3608CF2003E5B700ED47A0 /* BadgeGamification */ = {
			isa = PBXNativeTarget;
			buildConfigurationList = CB3608F82003E5B700ED47A0 /* Build configuration list for PBXNativeTarget "BadgeGamification" */;
			buildPhases = (
				E4FA776368F02D8091CFAF81 /* [CP] Check Pods Manifest.lock */,
				CB3608CC2003E5B700ED47A0 /* Sources */,
				CB3608CD2003E5B700ED47A0 /* Frameworks */,
				CB3608CE2003E5B700ED47A0 /* Resources */,
				269FDBADA41E3217F91F9F38 /* [CP] Embed Pods Frameworks */,
				1A780F649C859F6CA150B557 /* [CP] Copy Pods Resources */,
			);
			buildRules = (
			);
			dependencies = (
			);
			name = BadgeGamification;
			productName = BadgeGamification;
			productReference = CB3608D02003E5B700ED47A0 /* BadgeGamification.app */;
			productType = "com.apple.product-type.application";
		};
		CB570DDD2051BC5800E55CF4 /* BadgeModelTests */ = {
			isa = PBXNativeTarget;
			buildConfigurationList = CB570DE72051BC5800E55CF4 /* Build configuration list for PBXNativeTarget "BadgeModelTests" */;
			buildPhases = (
				22E1AC78C135B2D8E57D5F2B /* [CP] Check Pods Manifest.lock */,
				CB570DDA2051BC5800E55CF4 /* Sources */,
				CB570DDB2051BC5800E55CF4 /* Frameworks */,
				CB570DDC2051BC5800E55CF4 /* Resources */,
				2558C7B1BE3D650BBB5F6698 /* [CP] Embed Pods Frameworks */,
				4815ED58774A10F83F9FD694 /* [CP] Copy Pods Resources */,
			);
			buildRules = (
			);
			dependencies = (
				CB570DE42051BC5800E55CF4 /* PBXTargetDependency */,
			);
			name = BadgeModelTests;
			productName = BadgeModelTests;
			productReference = CB570DDE2051BC5800E55CF4 /* BadgeModelTests.xctest */;
			productType = "com.apple.product-type.bundle.unit-test";
		};
/* End PBXNativeTarget section */

/* Begin PBXProject section */
		CB3608C82003E5B700ED47A0 /* Project object */ = {
			isa = PBXProject;
			attributes = {
				LastSwiftUpdateCheck = 0920;
				LastUpgradeCheck = 0920;
				ORGANIZATIONNAME = "Bianca Itiroko";
				TargetAttributes = {
					CB3608CF2003E5B700ED47A0 = {
						CreatedOnToolsVersion = 9.2;
						ProvisioningStyle = Automatic;
						SystemCapabilities = {
							com.apple.Push = {
								enabled = 0;
							};
						};
					};
					CB570DDD2051BC5800E55CF4 = {
						CreatedOnToolsVersion = 9.2;
						ProvisioningStyle = Automatic;
						TestTargetID = CB3608CF2003E5B700ED47A0;
					};
				};
			};
			buildConfigurationList = CB3608CB2003E5B700ED47A0 /* Build configuration list for PBXProject "BadgeGamification" */;
			compatibilityVersion = "Xcode 8.0";
			developmentRegion = en;
			hasScannedForEncodings = 0;
			knownRegions = (
				en,
				Base,
			);
			mainGroup = CB3608C72003E5B700ED47A0;
			productRefGroup = CB3608D12003E5B700ED47A0 /* Products */;
			projectDirPath = "";
			projectRoot = "";
			targets = (
				CB3608CF2003E5B700ED47A0 /* BadgeGamification */,
				CB570DDD2051BC5800E55CF4 /* BadgeModelTests */,
			);
		};
/* End PBXProject section */

/* Begin PBXResourcesBuildPhase section */
		CB3608CE2003E5B700ED47A0 /* Resources */ = {
			isa = PBXResourcesBuildPhase;
			buildActionMask = 2147483647;
			files = (
				CB3608DE2003E5B700ED47A0 /* LaunchScreen.storyboard in Resources */,
				CB3609022003E72100ED47A0 /* GoogleService-Info.plist in Resources */,
				CB3608DB2003E5B700ED47A0 /* Assets.xcassets in Resources */,
				CB570DEA2052BEB200E55CF4 /* Info.plist in Resources */,
				CB3608D92003E5B700ED47A0 /* Main.storyboard in Resources */,
			);
			runOnlyForDeploymentPostprocessing = 0;
		};
		CB570DDC2051BC5800E55CF4 /* Resources */ = {
			isa = PBXResourcesBuildPhase;
			buildActionMask = 2147483647;
			files = (
				CB570DED2052BEB300E55CF4 /* Info.plist in Resources */,
				CB570DF02052BEC400E55CF4 /* GoogleService-Info.plist in Resources */,
			);
			runOnlyForDeploymentPostprocessing = 0;
		};
/* End PBXResourcesBuildPhase section */

/* Begin PBXShellScriptBuildPhase section */
		1A780F649C859F6CA150B557 /* [CP] Copy Pods Resources */ = {
			isa = PBXShellScriptBuildPhase;
			buildActionMask = 2147483647;
			files = (
			);
			inputPaths = (
			);
			name = "[CP] Copy Pods Resources";
			outputPaths = (
			);
			runOnlyForDeploymentPostprocessing = 0;
			shellPath = /bin/sh;
			shellScript = "\"${SRCROOT}/Pods/Target Support Files/Pods-BadgeGamification/Pods-BadgeGamification-resources.sh\"\n";
			showEnvVarsInLog = 0;
		};
		22E1AC78C135B2D8E57D5F2B /* [CP] Check Pods Manifest.lock */ = {
			isa = PBXShellScriptBuildPhase;
			buildActionMask = 2147483647;
			files = (
			);
			inputPaths = (
				"${PODS_PODFILE_DIR_PATH}/Podfile.lock",
				"${PODS_ROOT}/Manifest.lock",
			);
			name = "[CP] Check Pods Manifest.lock";
			outputPaths = (
				"$(DERIVED_FILE_DIR)/Pods-BadgeModelTests-checkManifestLockResult.txt",
			);
			runOnlyForDeploymentPostprocessing = 0;
			shellPath = /bin/sh;
			shellScript = "diff \"${PODS_PODFILE_DIR_PATH}/Podfile.lock\" \"${PODS_ROOT}/Manifest.lock\" > /dev/null\nif [ $? != 0 ] ; then\n    # print error to STDERR\n    echo \"error: The sandbox is not in sync with the Podfile.lock. Run 'pod install' or update your CocoaPods installation.\" >&2\n    exit 1\nfi\n# This output is used by Xcode 'outputs' to avoid re-running this script phase.\necho \"SUCCESS\" > \"${SCRIPT_OUTPUT_FILE_0}\"\n";
			showEnvVarsInLog = 0;
		};
		2558C7B1BE3D650BBB5F6698 /* [CP] Embed Pods Frameworks */ = {
			isa = PBXShellScriptBuildPhase;
			buildActionMask = 2147483647;
			files = (
			);
			inputPaths = (
			);
			name = "[CP] Embed Pods Frameworks";
			outputPaths = (
			);
			runOnlyForDeploymentPostprocessing = 0;
			shellPath = /bin/sh;
			shellScript = "\"${SRCROOT}/Pods/Target Support Files/Pods-BadgeModelTests/Pods-BadgeModelTests-frameworks.sh\"\n";
			showEnvVarsInLog = 0;
		};
		269FDBADA41E3217F91F9F38 /* [CP] Embed Pods Frameworks */ = {
			isa = PBXShellScriptBuildPhase;
			buildActionMask = 2147483647;
			files = (
			);
			inputPaths = (
				"${SRCROOT}/Pods/Target Support Files/Pods-BadgeGamification/Pods-BadgeGamification-frameworks.sh",
				"${BUILT_PRODUCTS_DIR}/GTMSessionFetcher/GTMSessionFetcher.framework",
				"${BUILT_PRODUCTS_DIR}/GoogleToolboxForMac/GoogleToolboxForMac.framework",
				"${BUILT_PRODUCTS_DIR}/SwiftyJSON/SwiftyJSON.framework",
				"${BUILT_PRODUCTS_DIR}/leveldb-library/leveldb.framework",
				"${BUILT_PRODUCTS_DIR}/nanopb/nanopb.framework",
			);
			name = "[CP] Embed Pods Frameworks";
			outputPaths = (
				"${TARGET_BUILD_DIR}/${FRAMEWORKS_FOLDER_PATH}/GTMSessionFetcher.framework",
				"${TARGET_BUILD_DIR}/${FRAMEWORKS_FOLDER_PATH}/GoogleToolboxForMac.framework",
				"${TARGET_BUILD_DIR}/${FRAMEWORKS_FOLDER_PATH}/SwiftyJSON.framework",
				"${TARGET_BUILD_DIR}/${FRAMEWORKS_FOLDER_PATH}/leveldb.framework",
				"${TARGET_BUILD_DIR}/${FRAMEWORKS_FOLDER_PATH}/nanopb.framework",
			);
			runOnlyForDeploymentPostprocessing = 0;
			shellPath = /bin/sh;
			shellScript = "\"${SRCROOT}/Pods/Target Support Files/Pods-BadgeGamification/Pods-BadgeGamification-frameworks.sh\"\n";
			showEnvVarsInLog = 0;
		};
		4815ED58774A10F83F9FD694 /* [CP] Copy Pods Resources */ = {
			isa = PBXShellScriptBuildPhase;
			buildActionMask = 2147483647;
			files = (
			);
			inputPaths = (
			);
			name = "[CP] Copy Pods Resources";
			outputPaths = (
			);
			runOnlyForDeploymentPostprocessing = 0;
			shellPath = /bin/sh;
			shellScript = "\"${SRCROOT}/Pods/Target Support Files/Pods-BadgeModelTests/Pods-BadgeModelTests-resources.sh\"\n";
			showEnvVarsInLog = 0;
		};
		E4FA776368F02D8091CFAF81 /* [CP] Check Pods Manifest.lock */ = {
			isa = PBXShellScriptBuildPhase;
			buildActionMask = 2147483647;
			files = (
			);
			inputPaths = (
				"${PODS_PODFILE_DIR_PATH}/Podfile.lock",
				"${PODS_ROOT}/Manifest.lock",
			);
			name = "[CP] Check Pods Manifest.lock";
			outputPaths = (
				"$(DERIVED_FILE_DIR)/Pods-BadgeGamification-checkManifestLockResult.txt",
			);
			runOnlyForDeploymentPostprocessing = 0;
			shellPath = /bin/sh;
			shellScript = "diff \"${PODS_PODFILE_DIR_PATH}/Podfile.lock\" \"${PODS_ROOT}/Manifest.lock\" > /dev/null\nif [ $? != 0 ] ; then\n    # print error to STDERR\n    echo \"error: The sandbox is not in sync with the Podfile.lock. Run 'pod install' or update your CocoaPods installation.\" >&2\n    exit 1\nfi\n# This output is used by Xcode 'outputs' to avoid re-running this script phase.\necho \"SUCCESS\" > \"${SCRIPT_OUTPUT_FILE_0}\"\n";
			showEnvVarsInLog = 0;
		};
/* End PBXShellScriptBuildPhase section */

/* Begin PBXSourcesBuildPhase section */
		CB3608CC2003E5B700ED47A0 /* Sources */ = {
			isa = PBXSourcesBuildPhase;
			buildActionMask = 2147483647;
			files = (
				CB219003200789C500A0095D /* UserBadgeDAO.swift in Sources */,
				CB36090F20051BE900ED47A0 /* BadgeDAO.swift in Sources */,
				CB2F6A952018EC70001EAC85 /* RankingTableViewCell.swift in Sources */,
				CB21900720079E6F00A0095D /* UserBadgesTableViewCell.swift in Sources */,
				CB31C23A200CEA330065D3F9 /* FirstViewAdminViewController.swift in Sources */,
				CBF67A7C200566E300D1331E /* BadgeTableViewCell.swift in Sources */,
				CB31C238200CD9D40065D3F9 /* TeamTableViewCell.swift in Sources */,
				CBDEB71B202B592700F14FAE /* TeamService.swift in Sources */,
				CBDEB711202B562B00F14FAE /* BadgeService.swift in Sources */,
				CBEB9E6020063449002C6FE6 /* BadgeRequisition.swift in Sources */,
				CBA46C9F20052D600044CD08 /* Badge.swift in Sources */,
				CBEB9E63200636DA002C6FE6 /* BadgeRequisitionViewController.swift in Sources */,
				CBCE67962017AAA2004F9A81 /* BadgeIconCollectionViewCell.swift in Sources */,
				CB7A3BB52007B5B5001E63AA /* AvailableBadgesTableViewCell.swift in Sources */,
				CBDEB715202B578200F14FAE /* RegisterRequisitionService.swift in Sources */,
				CB7A3BB32007B53D001E63AA /* AvailableBadgesViewController.swift in Sources */,
				CB7A3BBF2008CAAA001E63AA /* CreateTeamViewController.swift in Sources */,
				CB3609152005237A00ED47A0 /* CreateBadgeViewController.swift in Sources */,
				CBFB825B20236B490005FD8C /* Extensions.swift in Sources */,
				CB7A3BB92007E308001E63AA /* User.swift in Sources */,
				CBEB9E6D20067853002C6FE6 /* RegisterRequisitionDAO.swift in Sources */,
				CB7A3BBD2008C854001E63AA /* Team.swift in Sources */,
				CB7A3BB72007DFF4001E63AA /* UserDAO.swift in Sources */,
				CBDEB717202B57F600F14FAE /* UserBadgeService.swift in Sources */,
				CB3609042003EB3000ED47A0 /* LoginViewController.swift in Sources */,
				CB21900520079CBB00A0095D /* UserBadgesViewController.swift in Sources */,
				CBEB9E5E2006327D002C6FE6 /* BadgeRequisitionDAO.swift in Sources */,
				CB31C236200CD8050065D3F9 /* AllTeamsViewController.swift in Sources */,
				CBDEB719202B58AD00F14FAE /* UserService.swift in Sources */,
				CBF67A7A2005307200D1331E /* ExistantBadgesViewController.swift in Sources */,
				CB2F6A9B2019010D001EAC85 /* UserListDatabaseManager.swift in Sources */,
				CB3608D42003E5B700ED47A0 /* AppDelegate.swift in Sources */,
				CBDDFB7D201623A80045ED5C /* DAO.swift in Sources */,
				CBEB9E6920064132002C6FE6 /* BadgeReqTableViewCell.swift in Sources */,
				CB7A3BBB2008C834001E63AA /* TeamDAO.swift in Sources */,
				CBEB9E6F20067A2B002C6FE6 /* RegisterRequistion.swift in Sources */,
				CBDEB713202B56DC00F14FAE /* BadgeRequisitionService.swift in Sources */,
				CB7A3BC12008D455001E63AA /* EnterOrCreateTeamViewController.swift in Sources */,
				CBEB9E672006408F002C6FE6 /* RequisitionsViewController.swift in Sources */,
				CBF88F5620164D3100E6DCB5 /* UserImageDatabaseManager.swift in Sources */,
				CBFB8256202331B80005FD8C /* AuthService.swift in Sources */,
				CB1210202018DF24004572F8 /* RegisterReqTableViewCell.swift in Sources */,
				CB36090D20051BBD00ED47A0 /* AuthDatabaseManager.swift in Sources */,
				CB2F6A932018EC24001EAC85 /* RankingViewController.swift in Sources */,
			);
			runOnlyForDeploymentPostprocessing = 0;
		};
		CB570DDA2051BC5800E55CF4 /* Sources */ = {
			isa = PBXSourcesBuildPhase;
			buildActionMask = 2147483647;
			files = (
				CB04B7822052CE1D00CF4EE1 /* BadgeRequisitionTest.swift in Sources */,
				CB04B7802052C6CB00CF4EE1 /* BadgeTest.swift in Sources */,
				CB04B7862052D0C100CF4EE1 /* TeamTest.swift in Sources */,
				CB570DE92052BB5C00E55CF4 /* UserTest.swift in Sources */,
				CB04B7842052CF4C00CF4EE1 /* RegisterRequisitionTest.swift in Sources */,
				CB570DE12051BC5800E55CF4 /* BadgeModelTests.swift in Sources */,
			);
			runOnlyForDeploymentPostprocessing = 0;
		};
/* End PBXSourcesBuildPhase section */

/* Begin PBXTargetDependency section */
		CB570DE42051BC5800E55CF4 /* PBXTargetDependency */ = {
			isa = PBXTargetDependency;
			target = CB3608CF2003E5B700ED47A0 /* BadgeGamification */;
			targetProxy = CB570DE32051BC5800E55CF4 /* PBXContainerItemProxy */;
		};
/* End PBXTargetDependency section */

/* Begin PBXVariantGroup section */
		CB3608D72003E5B700ED47A0 /* Main.storyboard */ = {
			isa = PBXVariantGroup;
			children = (
				CB3608D82003E5B700ED47A0 /* Base */,
			);
			name = Main.storyboard;
			sourceTree = "<group>";
		};
		CB3608DC2003E5B700ED47A0 /* LaunchScreen.storyboard */ = {
			isa = PBXVariantGroup;
			children = (
				CB3608DD2003E5B700ED47A0 /* Base */,
			);
			name = LaunchScreen.storyboard;
			sourceTree = "<group>";
		};
/* End PBXVariantGroup section */

/* Begin XCBuildConfiguration section */
		CB3608F62003E5B700ED47A0 /* Debug */ = {
			isa = XCBuildConfiguration;
			buildSettings = {
				ALWAYS_SEARCH_USER_PATHS = NO;
				CLANG_ANALYZER_NONNULL = YES;
				CLANG_ANALYZER_NUMBER_OBJECT_CONVERSION = YES_AGGRESSIVE;
				CLANG_CXX_LANGUAGE_STANDARD = "gnu++14";
				CLANG_CXX_LIBRARY = "libc++";
				CLANG_ENABLE_MODULES = YES;
				CLANG_ENABLE_OBJC_ARC = YES;
				CLANG_WARN_BLOCK_CAPTURE_AUTORELEASING = YES;
				CLANG_WARN_BOOL_CONVERSION = YES;
				CLANG_WARN_COMMA = YES;
				CLANG_WARN_CONSTANT_CONVERSION = YES;
				CLANG_WARN_DIRECT_OBJC_ISA_USAGE = YES_ERROR;
				CLANG_WARN_DOCUMENTATION_COMMENTS = YES;
				CLANG_WARN_EMPTY_BODY = YES;
				CLANG_WARN_ENUM_CONVERSION = YES;
				CLANG_WARN_INFINITE_RECURSION = YES;
				CLANG_WARN_INT_CONVERSION = YES;
				CLANG_WARN_NON_LITERAL_NULL_CONVERSION = YES;
				CLANG_WARN_OBJC_LITERAL_CONVERSION = YES;
				CLANG_WARN_OBJC_ROOT_CLASS = YES_ERROR;
				CLANG_WARN_RANGE_LOOP_ANALYSIS = YES;
				CLANG_WARN_STRICT_PROTOTYPES = YES;
				CLANG_WARN_SUSPICIOUS_MOVE = YES;
				CLANG_WARN_UNGUARDED_AVAILABILITY = YES_AGGRESSIVE;
				CLANG_WARN_UNREACHABLE_CODE = YES;
				CLANG_WARN__DUPLICATE_METHOD_MATCH = YES;
				CODE_SIGN_IDENTITY = "iPhone Developer";
				COPY_PHASE_STRIP = NO;
				DEBUG_INFORMATION_FORMAT = dwarf;
				ENABLE_STRICT_OBJC_MSGSEND = YES;
				ENABLE_TESTABILITY = YES;
				GCC_C_LANGUAGE_STANDARD = gnu11;
				GCC_DYNAMIC_NO_PIC = NO;
				GCC_NO_COMMON_BLOCKS = YES;
				GCC_OPTIMIZATION_LEVEL = 0;
				GCC_PREPROCESSOR_DEFINITIONS = (
					"DEBUG=1",
					"$(inherited)",
				);
				GCC_WARN_64_TO_32_BIT_CONVERSION = YES;
				GCC_WARN_ABOUT_RETURN_TYPE = YES_ERROR;
				GCC_WARN_UNDECLARED_SELECTOR = YES;
				GCC_WARN_UNINITIALIZED_AUTOS = YES_AGGRESSIVE;
				GCC_WARN_UNUSED_FUNCTION = YES;
				GCC_WARN_UNUSED_VARIABLE = YES;
				IPHONEOS_DEPLOYMENT_TARGET = 11.2;
				MTL_ENABLE_DEBUG_INFO = YES;
				ONLY_ACTIVE_ARCH = YES;
				SDKROOT = iphoneos;
				SWIFT_ACTIVE_COMPILATION_CONDITIONS = DEBUG;
				SWIFT_OPTIMIZATION_LEVEL = "-Onone";
			};
			name = Debug;
		};
		CB3608F72003E5B700ED47A0 /* Release */ = {
			isa = XCBuildConfiguration;
			buildSettings = {
				ALWAYS_SEARCH_USER_PATHS = NO;
				CLANG_ANALYZER_NONNULL = YES;
				CLANG_ANALYZER_NUMBER_OBJECT_CONVERSION = YES_AGGRESSIVE;
				CLANG_CXX_LANGUAGE_STANDARD = "gnu++14";
				CLANG_CXX_LIBRARY = "libc++";
				CLANG_ENABLE_MODULES = YES;
				CLANG_ENABLE_OBJC_ARC = YES;
				CLANG_WARN_BLOCK_CAPTURE_AUTORELEASING = YES;
				CLANG_WARN_BOOL_CONVERSION = YES;
				CLANG_WARN_COMMA = YES;
				CLANG_WARN_CONSTANT_CONVERSION = YES;
				CLANG_WARN_DIRECT_OBJC_ISA_USAGE = YES_ERROR;
				CLANG_WARN_DOCUMENTATION_COMMENTS = YES;
				CLANG_WARN_EMPTY_BODY = YES;
				CLANG_WARN_ENUM_CONVERSION = YES;
				CLANG_WARN_INFINITE_RECURSION = YES;
				CLANG_WARN_INT_CONVERSION = YES;
				CLANG_WARN_NON_LITERAL_NULL_CONVERSION = YES;
				CLANG_WARN_OBJC_LITERAL_CONVERSION = YES;
				CLANG_WARN_OBJC_ROOT_CLASS = YES_ERROR;
				CLANG_WARN_RANGE_LOOP_ANALYSIS = YES;
				CLANG_WARN_STRICT_PROTOTYPES = YES;
				CLANG_WARN_SUSPICIOUS_MOVE = YES;
				CLANG_WARN_UNGUARDED_AVAILABILITY = YES_AGGRESSIVE;
				CLANG_WARN_UNREACHABLE_CODE = YES;
				CLANG_WARN__DUPLICATE_METHOD_MATCH = YES;
				CODE_SIGN_IDENTITY = "iPhone Developer";
				COPY_PHASE_STRIP = NO;
				DEBUG_INFORMATION_FORMAT = "dwarf-with-dsym";
				ENABLE_NS_ASSERTIONS = NO;
				ENABLE_STRICT_OBJC_MSGSEND = YES;
				GCC_C_LANGUAGE_STANDARD = gnu11;
				GCC_NO_COMMON_BLOCKS = YES;
				GCC_WARN_64_TO_32_BIT_CONVERSION = YES;
				GCC_WARN_ABOUT_RETURN_TYPE = YES_ERROR;
				GCC_WARN_UNDECLARED_SELECTOR = YES;
				GCC_WARN_UNINITIALIZED_AUTOS = YES_AGGRESSIVE;
				GCC_WARN_UNUSED_FUNCTION = YES;
				GCC_WARN_UNUSED_VARIABLE = YES;
				IPHONEOS_DEPLOYMENT_TARGET = 11.2;
				MTL_ENABLE_DEBUG_INFO = NO;
				SDKROOT = iphoneos;
				SWIFT_OPTIMIZATION_LEVEL = "-Owholemodule";
				VALIDATE_PRODUCT = YES;
			};
			name = Release;
		};
		CB3608F92003E5B700ED47A0 /* Debug */ = {
			isa = XCBuildConfiguration;
			baseConfigurationReference = BE357F94812DDCD20A7AAE0F /* Pods-BadgeGamification.debug.xcconfig */;
			buildSettings = {
				ASSETCATALOG_COMPILER_APPICON_NAME = AppIcon;
				CODE_SIGN_STYLE = Automatic;
				DEVELOPMENT_TEAM = GJ5VL7QF9C;
				INFOPLIST_FILE = BadgeGamification/Info.plist;
				LD_RUNPATH_SEARCH_PATHS = "$(inherited) @executable_path/Frameworks";
				PRODUCT_BUNDLE_IDENTIFIER = com.BiancaItiroko.BadgeGamification;
				PRODUCT_NAME = "$(TARGET_NAME)";
				SWIFT_VERSION = 4.0;
				TARGETED_DEVICE_FAMILY = "1,2";
			};
			name = Debug;
		};
		CB3608FA2003E5B700ED47A0 /* Release */ = {
			isa = XCBuildConfiguration;
			baseConfigurationReference = 715732A22B34D15884539DD9 /* Pods-BadgeGamification.release.xcconfig */;
			buildSettings = {
				ASSETCATALOG_COMPILER_APPICON_NAME = AppIcon;
				CODE_SIGN_STYLE = Automatic;
				DEVELOPMENT_TEAM = GJ5VL7QF9C;
				INFOPLIST_FILE = BadgeGamification/Info.plist;
				LD_RUNPATH_SEARCH_PATHS = "$(inherited) @executable_path/Frameworks";
				PRODUCT_BUNDLE_IDENTIFIER = com.BiancaItiroko.BadgeGamification;
				PRODUCT_NAME = "$(TARGET_NAME)";
				SWIFT_VERSION = 4.0;
				TARGETED_DEVICE_FAMILY = "1,2";
			};
			name = Release;
		};
		CB570DE52051BC5800E55CF4 /* Debug */ = {
			isa = XCBuildConfiguration;
			baseConfigurationReference = 877C88FFFAC0CA22E37AD886 /* Pods-BadgeModelTests.debug.xcconfig */;
			buildSettings = {
				BUNDLE_LOADER = "$(TEST_HOST)";
				CODE_SIGN_STYLE = Automatic;
				DEVELOPMENT_TEAM = GJ5VL7QF9C;
				INFOPLIST_FILE = BadgeModelTests/Info.plist;
				LD_RUNPATH_SEARCH_PATHS = "$(inherited) @executable_path/Frameworks @loader_path/Frameworks";
				PRODUCT_BUNDLE_IDENTIFIER = com.BiancaItiroko.BadgeModelTests;
				PRODUCT_NAME = "$(TARGET_NAME)";
				SWIFT_VERSION = 4.0;
				TARGETED_DEVICE_FAMILY = "1,2";
				TEST_HOST = "$(BUILT_PRODUCTS_DIR)/BadgeGamification.app/BadgeGamification";
			};
			name = Debug;
		};
		CB570DE62051BC5800E55CF4 /* Release */ = {
			isa = XCBuildConfiguration;
			baseConfigurationReference = B6ED4F024376E09BA241D38F /* Pods-BadgeModelTests.release.xcconfig */;
			buildSettings = {
				BUNDLE_LOADER = "$(TEST_HOST)";
				CODE_SIGN_STYLE = Automatic;
				DEVELOPMENT_TEAM = GJ5VL7QF9C;
				INFOPLIST_FILE = BadgeModelTests/Info.plist;
				LD_RUNPATH_SEARCH_PATHS = "$(inherited) @executable_path/Frameworks @loader_path/Frameworks";
				PRODUCT_BUNDLE_IDENTIFIER = com.BiancaItiroko.BadgeModelTests;
				PRODUCT_NAME = "$(TARGET_NAME)";
				SWIFT_VERSION = 4.0;
				TARGETED_DEVICE_FAMILY = "1,2";
				TEST_HOST = "$(BUILT_PRODUCTS_DIR)/BadgeGamification.app/BadgeGamification";
			};
			name = Release;
		};
/* End XCBuildConfiguration section */

/* Begin XCConfigurationList section */
		CB3608CB2003E5B700ED47A0 /* Build configuration list for PBXProject "BadgeGamification" */ = {
			isa = XCConfigurationList;
			buildConfigurations = (
				CB3608F62003E5B700ED47A0 /* Debug */,
				CB3608F72003E5B700ED47A0 /* Release */,
			);
			defaultConfigurationIsVisible = 0;
			defaultConfigurationName = Release;
		};
		CB3608F82003E5B700ED47A0 /* Build configuration list for PBXNativeTarget "BadgeGamification" */ = {
			isa = XCConfigurationList;
			buildConfigurations = (
				CB3608F92003E5B700ED47A0 /* Debug */,
				CB3608FA2003E5B700ED47A0 /* Release */,
			);
			defaultConfigurationIsVisible = 0;
			defaultConfigurationName = Release;
		};
		CB570DE72051BC5800E55CF4 /* Build configuration list for PBXNativeTarget "BadgeModelTests" */ = {
			isa = XCConfigurationList;
			buildConfigurations = (
				CB570DE52051BC5800E55CF4 /* Debug */,
				CB570DE62051BC5800E55CF4 /* Release */,
			);
			defaultConfigurationIsVisible = 0;
			defaultConfigurationName = Release;
		};
/* End XCConfigurationList section */
	};
	rootObject = CB3608C82003E5B700ED47A0 /* Project object */;
}
